<?xml version="1.0" encoding="UTF-8"?>
<CodeBlocks_project_file>
	<FileVersion major="1" minor="6"/>
	<Project>
		<Option title="ConnectedComponents"/>
		<Option makefile_is_custom="1"/>
		<Option compiler="gcc"/>
		<Option virtualFolders="CMake Files\;"/>
		<Build>
			<Target title="all">
				<Option working_dir="/Users/taha/CLionProjects/ConnectedComponents"/>
				<Option type="4"/>
				<MakeCommands>
					<Build command="/usr/bin/make -f &quot;/Users/taha/CLionProjects/ConnectedComponents/Makefile&quot;  VERBOSE=1 all"/>
					<CompileFile command="/usr/bin/make -f &quot;/Users/taha/CLionProjects/ConnectedComponents/Makefile&quot;  VERBOSE=1 &quot;$file&quot;"/>
					<Clean command="/usr/bin/make -f &quot;/Users/taha/CLionProjects/ConnectedComponents/Makefile&quot;  VERBOSE=1 clean"/>
					<DistClean command="/usr/bin/make -f &quot;/Users/taha/CLionProjects/ConnectedComponents/Makefile&quot;  VERBOSE=1 clean"/>
				</MakeCommands>
			</Target>
			<Target title="rebuild_cache">
				<Option working_dir="/Users/taha/CLionProjects/ConnectedComponents"/>
				<Option type="4"/>
				<MakeCommands>
					<Build command="/usr/bin/make -f &quot;/Users/taha/CLionProjects/ConnectedComponents/Makefile&quot;  VERBOSE=1 rebuild_cache"/>
					<CompileFile command="/usr/bin/make -f &quot;/Users/taha/CLionProjects/ConnectedComponents/Makefile&quot;  VERBOSE=1 &quot;$file&quot;"/>
					<Clean command="/usr/bin/make -f &quot;/Users/taha/CLionProjects/ConnectedComponents/Makefile&quot;  VERBOSE=1 clean"/>
					<DistClean command="/usr/bin/make -f &quot;/Users/taha/CLionProjects/ConnectedComponents/Makefile&quot;  VERBOSE=1 clean"/>
				</MakeCommands>
			</Target>
			<Target title="edit_cache">
				<Option working_dir="/Users/taha/CLionProjects/ConnectedComponents"/>
				<Option type="4"/>
				<MakeCommands>
					<Build command="/usr/bin/make -f &quot;/Users/taha/CLionProjects/ConnectedComponents/Makefile&quot;  VERBOSE=1 edit_cache"/>
					<CompileFile command="/usr/bin/make -f &quot;/Users/taha/CLionProjects/ConnectedComponents/Makefile&quot;  VERBOSE=1 &quot;$file&quot;"/>
					<Clean command="/usr/bin/make -f &quot;/Users/taha/CLionProjects/ConnectedComponents/Makefile&quot;  VERBOSE=1 clean"/>
					<DistClean command="/usr/bin/make -f &quot;/Users/taha/CLionProjects/ConnectedComponents/Makefile&quot;  VERBOSE=1 clean"/>
				</MakeCommands>
			</Target>
			<Target title="ConnectedComponents">
				<Option output="/Users/taha/CLionProjects/ConnectedComponents/ConnectedComponents" prefix_auto="0" extension_auto="0"/>
				<Option working_dir="/Users/taha/CLionProjects/ConnectedComponents"/>
				<Option object_output="./"/>
				<Option type="1"/>
				<Option compiler="gcc"/>
				<Compiler>
					<Add directory="/usr/local/Cellar/open-mpi/4.0.1/include"/>
				</Compiler>
				<MakeCommands>
					<Build command="/usr/bin/make -f &quot;/Users/taha/CLionProjects/ConnectedComponents/Makefile&quot;  VERBOSE=1 ConnectedComponents"/>
					<CompileFile command="/usr/bin/make -f &quot;/Users/taha/CLionProjects/ConnectedComponents/Makefile&quot;  VERBOSE=1 &quot;$file&quot;"/>
					<Clean command="/usr/bin/make -f &quot;/Users/taha/CLionProjects/ConnectedComponents/Makefile&quot;  VERBOSE=1 clean"/>
					<DistClean command="/usr/bin/make -f &quot;/Users/taha/CLionProjects/ConnectedComponents/Makefile&quot;  VERBOSE=1 clean"/>
				</MakeCommands>
			</Target>
			<Target title="ConnectedComponents/fast">
				<Option output="/Users/taha/CLionProjects/ConnectedComponents/ConnectedComponents" prefix_auto="0" extension_auto="0"/>
				<Option working_dir="/Users/taha/CLionProjects/ConnectedComponents"/>
				<Option object_output="./"/>
				<Option type="1"/>
				<Option compiler="gcc"/>
				<Compiler>
					<Add directory="/usr/local/Cellar/open-mpi/4.0.1/include"/>
				</Compiler>
				<MakeCommands>
					<Build command="/usr/bin/make -f &quot;/Users/taha/CLionProjects/ConnectedComponents/Makefile&quot;  VERBOSE=1 ConnectedComponents/fast"/>
					<CompileFile command="/usr/bin/make -f &quot;/Users/taha/CLionProjects/ConnectedComponents/Makefile&quot;  VERBOSE=1 &quot;$file&quot;"/>
					<Clean command="/usr/bin/make -f &quot;/Users/taha/CLionProjects/ConnectedComponents/Makefile&quot;  VERBOSE=1 clean"/>
					<DistClean command="/usr/bin/make -f &quot;/Users/taha/CLionProjects/ConnectedComponents/Makefile&quot;  VERBOSE=1 clean"/>
				</MakeCommands>
			</Target>
		</Build>
		<Unit filename="/Users/taha/CLionProjects/ConnectedComponents/main.cpp">
			<Option target="ConnectedComponents"/>
		</Unit>
		<Unit filename="/Users/taha/CLionProjects/ConnectedComponents/CMakeLists.txt">
			<Option virtualFolder="CMake Files\"/>
		</Unit>
	</Project>
</CodeBlocks_project_file>
